
Microsoft Visual Studio Solution File, Format Version 12.00
# Visual Studio Version 16
VisualStudioVersion = 16.0.31205.134
MinimumVisualStudioVersion = 10.0.40219.1
Project("{E24C65DC-7377-472B-9ABA-BC803B73C61A}") = "RelatedWebsites", "http://localhost:52395", "{54DE0454-1BB0-4708-87B6-39F7A8775319}"
	ProjectSection(WebsiteProperties) = preProject
		UseIISExpress = "true"
		TargetFrameworkMoniker = ".NETFramework,Version%3Dv4.0"
		Debug.AspNetCompiler.VirtualPath = "/localhost_52395"
		Debug.AspNetCompiler.PhysicalPath = "..\RelatedWebsites\"
		Debug.AspNetCompiler.TargetPath = "PrecompiledWeb\localhost_52395\"
		Debug.AspNetCompiler.Updateable = "true"
		Debug.AspNetCompiler.ForceOverwrite = "true"
		Debug.AspNetCompiler.FixedNames = "false"
		Debug.AspNetCompiler.Debug = "True"
		Release.AspNetCompiler.VirtualPath = "/localhost_52395"
		Release.AspNetCompiler.PhysicalPath = "..\RelatedWebsites\"
		Release.AspNetCompiler.TargetPath = "PrecompiledWeb\localhost_52395\"
		Release.AspNetCompiler.Updateable = "true"
		Release.AspNetCompiler.ForceOverwrite = "true"
		Release.AspNetCompiler.FixedNames = "false"
		Release.AspNetCompiler.Debug = "False"
		SlnRelativePath = "..\RelatedWebsites\"
	EndProjectSection
EndProject
Global
	GlobalSection(SolutionConfigurationPlatforms) = preSolution
		Debug|Any CPU = Debug|Any CPU
	EndGlobalSection
	GlobalSection(ProjectConfigurationPlatforms) = postSolution
		{54DE0454-1BB0-4708-87B6-39F7A8775319}.Debug|Any CPU.ActiveCfg = Debug|Any CPU
		{54DE0454-1BB0-4708-87B6-39F7A8775319}.Debug|Any CPU.Build.0 = Debug|Any CPU
	EndGlobalSection
	GlobalSection(SolutionProperties) = preSolution
		HideSolutionNode = FALSE
	EndGlobalSection
	GlobalSection(ExtensibilityGlobals) = postSolution
		SolutionGuid = {F5E7F4C3-5373-4AFF-A9B0-3DDC9D83EDF0}
	EndGlobalSection
EndGlobal
